
Microsoft Visual Studio Solution File, Format Version 12.00
# Visual Studio Version 16
VisualStudioVersion = 16.0.31205.134
MinimumVisualStudioVersion = 10.0.40219.1
Project("{FAE04EC0-301F-11D3-BF4B-00C04F79EFBC}") = "portReaderGUI", "portReaderGUI\portReaderGUI.csproj", "{D3AF0061-53A9-43AA-B7C0-8CDE964CCE83}"
EndProject
Global
	GlobalSection(SolutionConfigurationPlatforms) = preSolution
		Debug|Any CPU = Debug|Any CPU
		Release|Any CPU = Release|Any CPU
	EndGlobalSection
	GlobalSection(ProjectConfigurationPlatforms) = postSolution
		{D3AF0061-53A9-43AA-B7C0-8CDE964CCE83}.Debug|Any CPU.ActiveCfg = Debug|Any CPU
		{D3AF0061-53A9-43AA-B7C0-8CDE964CCE83}.Debug|Any CPU.Build.0 = Debug|Any CPU
		{D3AF0061-53A9-43AA-B7C0-8CDE964CCE83}.Release|Any CPU.ActiveCfg = Release|Any CPU
		{D3AF0061-53A9-43AA-B7C0-8CDE964CCE83}.Release|Any CPU.Build.0 = Release|Any CPU
	EndGlobalSection
	GlobalSection(SolutionProperties) = preSolution
		HideSolutionNode = FALSE
	EndGlobalSection
	GlobalSection(ExtensibilityGlobals) = postSolution
		SolutionGuid = {4B0D8D08-4EFB-4414-A88A-90A43C913CDB}
	EndGlobalSection
EndGlobal
